
Microsoft Visual Studio Solution File, Format Version 12.00
# Visual Studio Version 16
VisualStudioVersion = 16.0.30523.141
MinimumVisualStudioVersion = 10.0.40219.1
Project("{D2ABAB84-BF74-430A-B69E-9DC6D40DDA17}") = "UdemyCubo01", "UdemyCubo01\UdemyCubo01.dwproj", "{413435B0-5430-4260-A815-2F3574ACED01}"
EndProject
Global
	GlobalSection(SolutionConfigurationPlatforms) = preSolution
		Development|Default = Development|Default
	EndGlobalSection
	GlobalSection(ProjectConfigurationPlatforms) = postSolution
		{413435B0-5430-4260-A815-2F3574ACED01}.Development|Default.ActiveCfg = Development
		{413435B0-5430-4260-A815-2F3574ACED01}.Development|Default.Build.0 = Development
		{413435B0-5430-4260-A815-2F3574ACED01}.Development|Default.Deploy.0 = Development
	EndGlobalSection
	GlobalSection(SolutionProperties) = preSolution
		HideSolutionNode = FALSE
	EndGlobalSection
	GlobalSection(ExtensibilityGlobals) = postSolution
		SolutionGuid = {FD6F881A-2F7E-4949-B643-B61B73C24A4D}
	EndGlobalSection
EndGlobal
